
Microsoft Visual Studio Solution File, Format Version 12.00
# Visual Studio Version 17
VisualStudioVersion = 17.10.34928.147
MinimumVisualStudioVersion = 10.0.40219.1
Project("{FAE04EC0-301F-11D3-BF4B-00C04F79EFBC}") = "DemoApi", "DemoApi\DemoApi.csproj", "{F4945FC3-9CB8-495E-8BFA-8E4F8F52511C}"
EndProject
Global
	GlobalSection(SolutionConfigurationPlatforms) = preSolution
		Debug|Any CPU = Debug|Any CPU
		Release|Any CPU = Release|Any CPU
	EndGlobalSection
	GlobalSection(ProjectConfigurationPlatforms) = postSolution
		{F4945FC3-9CB8-495E-8BFA-8E4F8F52511C}.Debug|Any CPU.ActiveCfg = Debug|Any CPU
		{F4945FC3-9CB8-495E-8BFA-8E4F8F52511C}.Debug|Any CPU.Build.0 = Debug|Any CPU
		{F4945FC3-9CB8-495E-8BFA-8E4F8F52511C}.Release|Any CPU.ActiveCfg = Release|Any CPU
		{F4945FC3-9CB8-495E-8BFA-8E4F8F52511C}.Release|Any CPU.Build.0 = Release|Any CPU
	EndGlobalSection
	GlobalSection(SolutionProperties) = preSolution
		HideSolutionNode = FALSE
	EndGlobalSection
	GlobalSection(ExtensibilityGlobals) = postSolution
		SolutionGuid = {082F504F-1220-47AF-A619-E5B23ED2D444}
	EndGlobalSection
EndGlobal
